
Microsoft Visual Studio Solution File, Format Version 12.00
Project("{FAE04EC0-301F-11D3-BF4B-00C04F79EFBC}") = "Lab1", "Lab1\Lab1.csproj", "{82640825-04D1-4280-AF33-3FAEECCE1261}"
EndProject
Global
	GlobalSection(SolutionConfigurationPlatforms) = preSolution
		Debug|Any CPU = Debug|Any CPU
		Release|Any CPU = Release|Any CPU
	EndGlobalSection
	GlobalSection(ProjectConfigurationPlatforms) = postSolution
		{82640825-04D1-4280-AF33-3FAEECCE1261}.Debug|Any CPU.ActiveCfg = Debug|Any CPU
		{82640825-04D1-4280-AF33-3FAEECCE1261}.Debug|Any CPU.Build.0 = Debug|Any CPU
		{82640825-04D1-4280-AF33-3FAEECCE1261}.Release|Any CPU.ActiveCfg = Release|Any CPU
		{82640825-04D1-4280-AF33-3FAEECCE1261}.Release|Any CPU.Build.0 = Release|Any CPU
	EndGlobalSection
EndGlobal
